{
  "name": "monorepo",
  "lockfileVersion": 2,
  "requires": true,
  "packages": {
    "": {
      "devDependencies": {
        "gulp-preprocess": "^3.0.3"
      }
    },
    "node_modules/gulp-preprocess": {
      "version": "3.0.3",
      "resolved": "https://registry.npmjs.org/gulp-preprocess/-/gulp-preprocess-3.0.3.tgz",
      "integrity": "sha512-hda2bIlIB+HsRNDKAl/m6vWUQhXMZOmzHhuivwIWf0dWMeKZ3DXLuUeCo0xZNlNRN+/Az49pTopTkTsiYv1SBw==",
      "dev": true,
      "dependencies": {
        "lodash": "^4.17.15",
        "map-stream": "^0.1.x",
        "preprocess": "^3.0.0"
      },
      "engines": {
        "node": ">= 6.14.3"
      }
    },
    "node_modules/lodash": {
      "version": "4.17.20",
      "resolved": "https://registry.npmjs.org/lodash/-/lodash-4.17.20.tgz",
      "integrity": "sha512-PlhdFcillOINfeV7Ni6oF1TAEayyZBoZ8bcshTHqOYJYlrqzRK5hagpagky5o4HfCzzd1TRkXPMFq6cKk9rGmA==",
      "dev": true
    },
    "node_modules/map-stream": {
      "version": "0.1.0",
      "resolved": "https://registry.npmjs.org/map-stream/-/map-stream-0.1.0.tgz",
      "integrity": "sha1-5WqpTEyAVaFkBKBnS3jyFffI4ZQ=",
      "dev": true
    },
    "node_modules/preprocess": {
      "version": "3.2.0",
      "resolved": "https://registry.npmjs.org/preprocess/-/preprocess-3.2.0.tgz",
      "integrity": "sha512-cO+Rf+Ose/eD+ze8Hxd9p9nS1xT8thYqv8owG/V8+IS/Remd7Z17SvaRK/oJxp08yaM8zb+QTckDKJUul2pk7g==",
      "dev": true,
      "dependencies": {
        "xregexp": "3.1.0"
      },
      "engines": {
        "node": ">= 0.10.0"
      }
    },
    "node_modules/xregexp": {
      "version": "3.1.0",
      "resolved": "https://registry.npmjs.org/xregexp/-/xregexp-3.1.0.tgz",
      "integrity": "sha1-FNhGHgvdOCJL/uUDmgiY/EL80zY=",
      "dev": true
    }
  },
  "dependencies": {
    "gulp-preprocess": {
      "version": "3.0.3",
      "resolved": "https://registry.npmjs.org/gulp-preprocess/-/gulp-preprocess-3.0.3.tgz",
      "integrity": "sha512-hda2bIlIB+HsRNDKAl/m6vWUQhXMZOmzHhuivwIWf0dWMeKZ3DXLuUeCo0xZNlNRN+/Az49pTopTkTsiYv1SBw==",
      "dev": true,
      "requires": {
        "lodash": "^4.17.15",
        "map-stream": "^0.1.x",
        "preprocess": "^3.0.0"
      }
    },
    "lodash": {
      "version": "4.17.20",
      "resolved": "https://registry.npmjs.org/lodash/-/lodash-4.17.20.tgz",
      "integrity": "sha512-PlhdFcillOINfeV7Ni6oF1TAEayyZBoZ8bcshTHqOYJYlrqzRK5hagpagky5o4HfCzzd1TRkXPMFq6cKk9rGmA==",
      "dev": true
    },
    "map-stream": {
      "version": "0.1.0",
      "resolved": "https://registry.npmjs.org/map-stream/-/map-stream-0.1.0.tgz",
      "integrity": "sha1-5WqpTEyAVaFkBKBnS3jyFffI4ZQ=",
      "dev": true
    },
    "preprocess": {
      "version": "3.2.0",
      "resolved": "https://registry.npmjs.org/preprocess/-/preprocess-3.2.0.tgz",
      "integrity": "sha512-cO+Rf+Ose/eD+ze8Hxd9p9nS1xT8thYqv8owG/V8+IS/Remd7Z17SvaRK/oJxp08yaM8zb+QTckDKJUul2pk7g==",
      "dev": true,
      "requires": {
        "xregexp": "3.1.0"
      }
    },
    "xregexp": {
      "version": "3.1.0",
      "resolved": "https://registry.npmjs.org/xregexp/-/xregexp-3.1.0.tgz",
      "integrity": "sha1-FNhGHgvdOCJL/uUDmgiY/EL80zY=",
      "dev": true
    }
  }
}
